// !$*UTF8*$!
{
	archiveVersion = 1;
	classes = {
	};
	objectVersion = 52;
	objects = {

/* Begin PBXBuildFile section */
		853478F623DFCBE100E40309 /* AppDelegate.swift in Sources */ = {isa = PBXBuildFile; fileRef = 853478F523DFCBE100E40309 /* AppDelegate.swift */; };
		853478F823DFCBE100E40309 /* SceneDelegate.swift in Sources */ = {isa = PBXBuildFile; fileRef = 853478F723DFCBE100E40309 /* SceneDelegate.swift */; };
		853478FA23DFCBE100E40309 /* ViewController.swift in Sources */ = {isa = PBXBuildFile; fileRef = 853478F923DFCBE100E40309 /* ViewController.swift */; };
		853478FD23DFCBE100E40309 /* Main.storyboard in Resources */ = {isa = PBXBuildFile; fileRef = 853478FB23DFCBE100E40309 /* Main.storyboard */; };
		853478FF23DFCBE700E40309 /* Assets.xcassets in Resources */ = {isa = PBXBuildFile; fileRef = 853478FE23DFCBE700E40309 /* Assets.xcassets */; };
		8534790223DFCBE700E40309 /* LaunchScreen.storyboard in Resources */ = {isa = PBXBuildFile; fileRef = 8534790023DFCBE700E40309 /* LaunchScreen.storyboard */; };
		8534790D23DFCBE700E40309 /* Dogs_We_LoveTests.swift in Sources */ = {isa = PBXBuildFile; fileRef = 8534790C23DFCBE700E40309 /* Dogs_We_LoveTests.swift */; };
		8534791923DFCCFD00E40309 /* Moya in Frameworks */ = {isa = PBXBuildFile; productRef = 8534791823DFCCFD00E40309 /* Moya */; };
		8534791B23DFCCFD00E40309 /* RxMoya in Frameworks */ = {isa = PBXBuildFile; productRef = 8534791A23DFCCFD00E40309 /* RxMoya */; };
		8534791E23DFCDFE00E40309 /* RxCocoa in Frameworks */ = {isa = PBXBuildFile; productRef = 8534791D23DFCDFE00E40309 /* RxCocoa */; };
		8534792023DFCDFE00E40309 /* RxSwift in Frameworks */ = {isa = PBXBuildFile; productRef = 8534791F23DFCDFE00E40309 /* RxSwift */; };
		8534792323DFCF4300E40309 /* RealmSwift in Frameworks */ = {isa = PBXBuildFile; productRef = 8534792223DFCF4300E40309 /* RealmSwift */; };
		8534792523DFCF4300E40309 /* Realm in Frameworks */ = {isa = PBXBuildFile; productRef = 8534792423DFCF4300E40309 /* Realm */; };
/* End PBXBuildFile section */

/* Begin PBXContainerItemProxy section */
		8534790923DFCBE700E40309 /* PBXContainerItemProxy */ = {
			isa = PBXContainerItemProxy;
			containerPortal = 853478EA23DFCBE100E40309 /* Project object */;
			proxyType = 1;
			remoteGlobalIDString = 853478F123DFCBE100E40309;
			remoteInfo = "Dogs We Love";
		};
/* End PBXContainerItemProxy section */

/* Begin PBXFileReference section */
		853478F223DFCBE100E40309 /* Dogs We Love.app */ = {isa = PBXFileReference; explicitFileType = wrapper.application; includeInIndex = 0; path = "Dogs We Love.app"; sourceTree = BUILT_PRODUCTS_DIR; };
		853478F523DFCBE100E40309 /* AppDelegate.swift */ = {isa = PBXFileReference; lastKnownFileType = sourcecode.swift; path = AppDelegate.swift; sourceTree = "<group>"; };
		853478F723DFCBE100E40309 /* SceneDelegate.swift */ = {isa = PBXFileReference; lastKnownFileType = sourcecode.swift; path = SceneDelegate.swift; sourceTree = "<group>"; };
		853478F923DFCBE100E40309 /* ViewController.swift */ = {isa = PBXFileReference; lastKnownFileType = sourcecode.swift; path = ViewController.swift; sourceTree = "<group>"; };
		853478FC23DFCBE100E40309 /* Base */ = {isa = PBXFileReference; lastKnownFileType = file.storyboard; name = Base; path = Base.lproj/Main.storyboard; sourceTree = "<group>"; };
		853478FE23DFCBE700E40309 /* Assets.xcassets */ = {isa = PBXFileReference; lastKnownFileType = folder.assetcatalog; path = Assets.xcassets; sourceTree = "<group>"; };
		8534790123DFCBE700E40309 /* Base */ = {isa = PBXFileReference; lastKnownFileType = file.storyboard; name = Base; path = Base.lproj/LaunchScreen.storyboard; sourceTree = "<group>"; };
		8534790323DFCBE700E40309 /* Info.plist */ = {isa = PBXFileReference; lastKnownFileType = text.plist.xml; path = Info.plist; sourceTree = "<group>"; };
		8534790823DFCBE700E40309 /* Dogs We LoveTests.xctest */ = {isa = PBXFileReference; explicitFileType = wrapper.cfbundle; includeInIndex = 0; path = "Dogs We LoveTests.xctest"; sourceTree = BUILT_PRODUCTS_DIR; };
		8534790C23DFCBE700E40309 /* Dogs_We_LoveTests.swift */ = {isa = PBXFileReference; lastKnownFileType = sourcecode.swift; path = Dogs_We_LoveTests.swift; sourceTree = "<group>"; };
		8534790E23DFCBE700E40309 /* Info.plist */ = {isa = PBXFileReference; lastKnownFileType = text.plist.xml; path = Info.plist; sourceTree = "<group>"; };
/* End PBXFileReference section */

/* Begin PBXFrameworksBuildPhase section */
		853478EF23DFCBE100E40309 /* Frameworks */ = {
			isa = PBXFrameworksBuildPhase;
			buildActionMask = 2147483647;
			files = (
				8534792523DFCF4300E40309 /* Realm in Frameworks */,
				8534791E23DFCDFE00E40309 /* RxCocoa in Frameworks */,
				8534791B23DFCCFD00E40309 /* RxMoya in Frameworks */,
				8534792023DFCDFE00E40309 /* RxSwift in Frameworks */,
				8534792323DFCF4300E40309 /* RealmSwift in Frameworks */,
				8534791923DFCCFD00E40309 /* Moya in Frameworks */,
			);
			runOnlyForDeploymentPostprocessing = 0;
		};
		8534790523DFCBE700E40309 /* Frameworks */ = {
			isa = PBXFrameworksBuildPhase;
			buildActionMask = 2147483647;
			files = (
			);
			runOnlyForDeploymentPostprocessing = 0;
		};
/* End PBXFrameworksBuildPhase section */

/* Begin PBXGroup section */
		853478E923DFCBE100E40309 = {
			isa = PBXGroup;
			children = (
				853478F423DFCBE100E40309 /* Dogs We Love */,
				8534790B23DFCBE700E40309 /* Dogs We LoveTests */,
				853478F323DFCBE100E40309 /* Products */,
			);
			sourceTree = "<group>";
		};
		853478F323DFCBE100E40309 /* Products */ = {
			isa = PBXGroup;
			children = (
				853478F223DFCBE100E40309 /* Dogs We Love.app */,
				8534790823DFCBE700E40309 /* Dogs We LoveTests.xctest */,
			);
			name = Products;
			sourceTree = "<group>";
		};
		853478F423DFCBE100E40309 /* Dogs We Love */ = {
			isa = PBXGroup;
			children = (
				853478F523DFCBE100E40309 /* AppDelegate.swift */,
				853478F723DFCBE100E40309 /* SceneDelegate.swift */,
				853478F923DFCBE100E40309 /* ViewController.swift */,
				853478FB23DFCBE100E40309 /* Main.storyboard */,
				853478FE23DFCBE700E40309 /* Assets.xcassets */,
				8534790023DFCBE700E40309 /* LaunchScreen.storyboard */,
				8534790323DFCBE700E40309 /* Info.plist */,
			);
			path = "Dogs We Love";
			sourceTree = "<group>";
		};
		8534790B23DFCBE700E40309 /* Dogs We LoveTests */ = {
			isa = PBXGroup;
			children = (
				8534790C23DFCBE700E40309 /* Dogs_We_LoveTests.swift */,
				8534790E23DFCBE700E40309 /* Info.plist */,
			);
			path = "Dogs We LoveTests";
			sourceTree = "<group>";
		};
/* End PBXGroup section */

/* Begin PBXNativeTarget section */
		853478F123DFCBE100E40309 /* Dogs We Love */ = {
			isa = PBXNativeTarget;
			buildConfigurationList = 8534791123DFCBE700E40309 /* Build configuration list for PBXNativeTarget "Dogs We Love" */;
			buildPhases = (
				853478EE23DFCBE100E40309 /* Sources */,
				853478EF23DFCBE100E40309 /* Frameworks */,
				853478F023DFCBE100E40309 /* Resources */,
			);
			buildRules = (
			);
			dependencies = (
			);
			name = "Dogs We Love";
			packageProductDependencies = (
				8534791823DFCCFD00E40309 /* Moya */,
				8534791A23DFCCFD00E40309 /* RxMoya */,
				8534791D23DFCDFE00E40309 /* RxCocoa */,
				8534791F23DFCDFE00E40309 /* RxSwift */,
				8534792223DFCF4300E40309 /* RealmSwift */,
				8534792423DFCF4300E40309 /* Realm */,
			);
			productName = "Dogs We Love";
			productReference = 853478F223DFCBE100E40309 /* Dogs We Love.app */;
			productType = "com.apple.product-type.application";
		};
		8534790723DFCBE700E40309 /* Dogs We LoveTests */ = {
			isa = PBXNativeTarget;
			buildConfigurationList = 8534791423DFCBE700E40309 /* Build configuration list for PBXNativeTarget "Dogs We LoveTests" */;
			buildPhases = (
				8534790423DFCBE700E40309 /* Sources */,
				8534790523DFCBE700E40309 /* Frameworks */,
				8534790623DFCBE700E40309 /* Resources */,
			);
			buildRules = (
			);
			dependencies = (
				8534790A23DFCBE700E40309 /* PBXTargetDependency */,
			);
			name = "Dogs We LoveTests";
			productName = "Dogs We LoveTests";
			productReference = 8534790823DFCBE700E40309 /* Dogs We LoveTests.xctest */;
			productType = "com.apple.product-type.bundle.unit-test";
		};
/* End PBXNativeTarget section */

/* Begin PBXProject section */
		853478EA23DFCBE100E40309 /* Project object */ = {
			isa = PBXProject;
			attributes = {
				LastSwiftUpdateCheck = 1120;
				LastUpgradeCheck = 1120;
				ORGANIZATIONNAME = Codikas;
				TargetAttributes = {
					853478F123DFCBE100E40309 = {
						CreatedOnToolsVersion = 11.2.1;
					};
					8534790723DFCBE700E40309 = {
						CreatedOnToolsVersion = 11.2.1;
						TestTargetID = 853478F123DFCBE100E40309;
					};
				};
			};
			buildConfigurationList = 853478ED23DFCBE100E40309 /* Build configuration list for PBXProject "Dogs We Love" */;
			compatibilityVersion = "Xcode 9.3";
			developmentRegion = en;
			hasScannedForEncodings = 0;
			knownRegions = (
				en,
				Base,
			);
			mainGroup = 853478E923DFCBE100E40309;
			packageReferences = (
				8534791723DFCCFD00E40309 /* XCRemoteSwiftPackageReference "Moya" */,
				8534791C23DFCDFE00E40309 /* XCRemoteSwiftPackageReference "RxSwift" */,
				8534792123DFCF4300E40309 /* XCRemoteSwiftPackageReference "realm-cocoa" */,
			);
			productRefGroup = 853478F323DFCBE100E40309 /* Products */;
			projectDirPath = "";
			projectRoot = "";
			targets = (
				853478F123DFCBE100E40309 /* Dogs We Love */,
				8534790723DFCBE700E40309 /* Dogs We LoveTests */,
			);
		};
/* End PBXProject section */

/* Begin PBXResourcesBuildPhase section */
		853478F023DFCBE100E40309 /* Resources */ = {
			isa = PBXResourcesBuildPhase;
			buildActionMask = 2147483647;
			files = (
				8534790223DFCBE700E40309 /* LaunchScreen.storyboard in Resources */,
				853478FF23DFCBE700E40309 /* Assets.xcassets in Resources */,
				853478FD23DFCBE100E40309 /* Main.storyboard in Resources */,
			);
			runOnlyForDeploymentPostprocessing = 0;
		};
		8534790623DFCBE700E40309 /* Resources */ = {
			isa = PBXResourcesBuildPhase;
			buildActionMask = 2147483647;
			files = (
			);
			runOnlyForDeploymentPostprocessing = 0;
		};
/* End PBXResourcesBuildPhase section */

/* Begin PBXSourcesBuildPhase section */
		853478EE23DFCBE100E40309 /* Sources */ = {
			isa = PBXSourcesBuildPhase;
			buildActionMask = 2147483647;
			files = (
				853478FA23DFCBE100E40309 /* ViewController.swift in Sources */,
				853478F623DFCBE100E40309 /* AppDelegate.swift in Sources */,
				853478F823DFCBE100E40309 /* SceneDelegate.swift in Sources */,
			);
			runOnlyForDeploymentPostprocessing = 0;
		};
		8534790423DFCBE700E40309 /* Sources */ = {
			isa = PBXSourcesBuildPhase;
			buildActionMask = 2147483647;
			files = (
				8534790D23DFCBE700E40309 /* Dogs_We_LoveTests.swift in Sources */,
			);
			runOnlyForDeploymentPostprocessing = 0;
		};
/* End PBXSourcesBuildPhase section */

/* Begin PBXTargetDependency section */
		8534790A23DFCBE700E40309 /* PBXTargetDependency */ = {
			isa = PBXTargetDependency;
			target = 853478F123DFCBE100E40309 /* Dogs We Love */;
			targetProxy = 8534790923DFCBE700E40309 /* PBXContainerItemProxy */;
		};
/* End PBXTargetDependency section */

/* Begin PBXVariantGroup section */
		853478FB23DFCBE100E40309 /* Main.storyboard */ = {
			isa = PBXVariantGroup;
			children = (
				853478FC23DFCBE100E40309 /* Base */,
			);
			name = Main.storyboard;
			sourceTree = "<group>";
		};
		8534790023DFCBE700E40309 /* LaunchScreen.storyboard */ = {
			isa = PBXVariantGroup;
			children = (
				8534790123DFCBE700E40309 /* Base */,
			);
			name = LaunchScreen.storyboard;
			sourceTree = "<group>";
		};
/* End PBXVariantGroup section */

/* Begin XCBuildConfiguration section */
		8534790F23DFCBE700E40309 /* Debug */ = {
			isa = XCBuildConfiguration;
			buildSettings = {
				ALWAYS_SEARCH_USER_PATHS = NO;
				CLANG_ANALYZER_NONNULL = YES;
				CLANG_ANALYZER_NUMBER_OBJECT_CONVERSION = YES_AGGRESSIVE;
				CLANG_CXX_LANGUAGE_STANDARD = "gnu++14";
				CLANG_CXX_LIBRARY = "libc++";
				CLANG_ENABLE_MODULES = YES;
				CLANG_ENABLE_OBJC_ARC = YES;
				CLANG_ENABLE_OBJC_WEAK = YES;
				CLANG_WARN_BLOCK_CAPTURE_AUTORELEASING = YES;
				CLANG_WARN_BOOL_CONVERSION = YES;
				CLANG_WARN_COMMA = YES;
				CLANG_WARN_CONSTANT_CONVERSION = YES;
				CLANG_WARN_DEPRECATED_OBJC_IMPLEMENTATIONS = YES;
				CLANG_WARN_DIRECT_OBJC_ISA_USAGE = YES_ERROR;
				CLANG_WARN_DOCUMENTATION_COMMENTS = YES;
				CLANG_WARN_EMPTY_BODY = YES;
				CLANG_WARN_ENUM_CONVERSION = YES;
				CLANG_WARN_INFINITE_RECURSION = YES;
				CLANG_WARN_INT_CONVERSION = YES;
				CLANG_WARN_NON_LITERAL_NULL_CONVERSION = YES;
				CLANG_WARN_OBJC_IMPLICIT_RETAIN_SELF = YES;
				CLANG_WARN_OBJC_LITERAL_CONVERSION = YES;
				CLANG_WARN_OBJC_ROOT_CLASS = YES_ERROR;
				CLANG_WARN_RANGE_LOOP_ANALYSIS = YES;
				CLANG_WARN_STRICT_PROTOTYPES = YES;
				CLANG_WARN_SUSPICIOUS_MOVE = YES;
				CLANG_WARN_UNGUARDED_AVAILABILITY = YES_AGGRESSIVE;
				CLANG_WARN_UNREACHABLE_CODE = YES;
				CLANG_WARN__DUPLICATE_METHOD_MATCH = YES;
				COPY_PHASE_STRIP = NO;
				DEBUG_INFORMATION_FORMAT = dwarf;
				ENABLE_STRICT_OBJC_MSGSEND = YES;
				ENABLE_TESTABILITY = YES;
				GCC_C_LANGUAGE_STANDARD = gnu11;
				GCC_DYNAMIC_NO_PIC = NO;
				GCC_NO_COMMON_BLOCKS = YES;
				GCC_OPTIMIZATION_LEVEL = 0;
				GCC_PREPROCESSOR_DEFINITIONS = (
					"DEBUG=1",
					"$(inherited)",
				);
				GCC_WARN_64_TO_32_BIT_CONVERSION = YES;
				GCC_WARN_ABOUT_RETURN_TYPE = YES_ERROR;
				GCC_WARN_UNDECLARED_SELECTOR = YES;
				GCC_WARN_UNINITIALIZED_AUTOS = YES_AGGRESSIVE;
				GCC_WARN_UNUSED_FUNCTION = YES;
				GCC_WARN_UNUSED_VARIABLE = YES;
				IPHONEOS_DEPLOYMENT_TARGET = 13.2;
				MTL_ENABLE_DEBUG_INFO = INCLUDE_SOURCE;
				MTL_FAST_MATH = YES;
				ONLY_ACTIVE_ARCH = YES;
				SDKROOT = iphoneos;
				SWIFT_ACTIVE_COMPILATION_CONDITIONS = DEBUG;
				SWIFT_OPTIMIZATION_LEVEL = "-Onone";
			};
			name = Debug;
		};
		8534791023DFCBE700E40309 /* Release */ = {
			isa = XCBuildConfiguration;
			buildSettings = {
				ALWAYS_SEARCH_USER_PATHS = NO;
				CLANG_ANALYZER_NONNULL = YES;
				CLANG_ANALYZER_NUMBER_OBJECT_CONVERSION = YES_AGGRESSIVE;
				CLANG_CXX_LANGUAGE_STANDARD = "gnu++14";
				CLANG_CXX_LIBRARY = "libc++";
				CLANG_ENABLE_MODULES = YES;
				CLANG_ENABLE_OBJC_ARC = YES;
				CLANG_ENABLE_OBJC_WEAK = YES;
				CLANG_WARN_BLOCK_CAPTURE_AUTORELEASING = YES;
				CLANG_WARN_BOOL_CONVERSION = YES;
				CLANG_WARN_COMMA = YES;
				CLANG_WARN_CONSTANT_CONVERSION = YES;
				CLANG_WARN_DEPRECATED_OBJC_IMPLEMENTATIONS = YES;
				CLANG_WARN_DIRECT_OBJC_ISA_USAGE = YES_ERROR;
				CLANG_WARN_DOCUMENTATION_COMMENTS = YES;
				CLANG_WARN_EMPTY_BODY = YES;
				CLANG_WARN_ENUM_CONVERSION = YES;
				CLANG_WARN_INFINITE_RECURSION = YES;
				CLANG_WARN_INT_CONVERSION = YES;
				CLANG_WARN_NON_LITERAL_NULL_CONVERSION = YES;
				CLANG_WARN_OBJC_IMPLICIT_RETAIN_SELF = YES;
				CLANG_WARN_OBJC_LITERAL_CONVERSION = YES;
				CLANG_WARN_OBJC_ROOT_CLASS = YES_ERROR;
				CLANG_WARN_RANGE_LOOP_ANALYSIS = YES;
				CLANG_WARN_STRICT_PROTOTYPES = YES;
				CLANG_WARN_SUSPICIOUS_MOVE = YES;
				CLANG_WARN_UNGUARDED_AVAILABILITY = YES_AGGRESSIVE;
				CLANG_WARN_UNREACHABLE_CODE = YES;
				CLANG_WARN__DUPLICATE_METHOD_MATCH = YES;
				COPY_PHASE_STRIP = NO;
				DEBUG_INFORMATION_FORMAT = "dwarf-with-dsym";
				ENABLE_NS_ASSERTIONS = NO;
				ENABLE_STRICT_OBJC_MSGSEND = YES;
				GCC_C_LANGUAGE_STANDARD = gnu11;
				GCC_NO_COMMON_BLOCKS = YES;
				GCC_WARN_64_TO_32_BIT_CONVERSION = YES;
				GCC_WARN_ABOUT_RETURN_TYPE = YES_ERROR;
				GCC_WARN_UNDECLARED_SELECTOR = YES;
				GCC_WARN_UNINITIALIZED_AUTOS = YES_AGGRESSIVE;
				GCC_WARN_UNUSED_FUNCTION = YES;
				GCC_WARN_UNUSED_VARIABLE = YES;
				IPHONEOS_DEPLOYMENT_TARGET = 13.2;
				MTL_ENABLE_DEBUG_INFO = NO;
				MTL_FAST_MATH = YES;
				SDKROOT = iphoneos;
				SWIFT_COMPILATION_MODE = wholemodule;
				SWIFT_OPTIMIZATION_LEVEL = "-O";
				VALIDATE_PRODUCT = YES;
			};
			name = Release;
		};
		8534791223DFCBE700E40309 /* Debug */ = {
			isa = XCBuildConfiguration;
			buildSettings = {
				ASSETCATALOG_COMPILER_APPICON_NAME = AppIcon;
				CODE_SIGN_STYLE = Automatic;
				DEVELOPMENT_TEAM = U4B5SM67ER;
				INFOPLIST_FILE = "Dogs We Love/Info.plist";
				IPHONEOS_DEPLOYMENT_TARGET = 13.0;
				LD_RUNPATH_SEARCH_PATHS = (
					"$(inherited)",
					"@executable_path/Frameworks",
				);
				PRODUCT_BUNDLE_IDENTIFIER = "com.codikas.Dogs-We-Love";
				PRODUCT_NAME = "$(TARGET_NAME)";
				SWIFT_VERSION = 5.0;
				TARGETED_DEVICE_FAMILY = "1,2";
			};
			name = Debug;
		};
		8534791323DFCBE700E40309 /* Release */ = {
			isa = XCBuildConfiguration;
			buildSettings = {
				ASSETCATALOG_COMPILER_APPICON_NAME = AppIcon;
				CODE_SIGN_STYLE = Automatic;
				DEVELOPMENT_TEAM = U4B5SM67ER;
				INFOPLIST_FILE = "Dogs We Love/Info.plist";
				IPHONEOS_DEPLOYMENT_TARGET = 13.0;
				LD_RUNPATH_SEARCH_PATHS = (
					"$(inherited)",
					"@executable_path/Frameworks",
				);
				PRODUCT_BUNDLE_IDENTIFIER = "com.codikas.Dogs-We-Love";
				PRODUCT_NAME = "$(TARGET_NAME)";
				SWIFT_VERSION = 5.0;
				TARGETED_DEVICE_FAMILY = "1,2";
			};
			name = Release;
		};
		8534791523DFCBE700E40309 /* Debug */ = {
			isa = XCBuildConfiguration;
			buildSettings = {
				ALWAYS_EMBED_SWIFT_STANDARD_LIBRARIES = YES;
				BUNDLE_LOADER = "$(TEST_HOST)";
				CODE_SIGN_STYLE = Automatic;
				DEVELOPMENT_TEAM = U4B5SM67ER;
				INFOPLIST_FILE = "Dogs We LoveTests/Info.plist";
				IPHONEOS_DEPLOYMENT_TARGET = 13.2;
				LD_RUNPATH_SEARCH_PATHS = (
					"$(inherited)",
					"@executable_path/Frameworks",
					"@loader_path/Frameworks",
				);
				PRODUCT_BUNDLE_IDENTIFIER = "com.codikas.Dogs-We-LoveTests";
				PRODUCT_NAME = "$(TARGET_NAME)";
				SWIFT_VERSION = 5.0;
				TARGETED_DEVICE_FAMILY = "1,2";
				TEST_HOST = "$(BUILT_PRODUCTS_DIR)/Dogs We Love.app/Dogs We Love";
			};
			name = Debug;
		};
		8534791623DFCBE700E40309 /* Release */ = {
			isa = XCBuildConfiguration;
			buildSettings = {
				ALWAYS_EMBED_SWIFT_STANDARD_LIBRARIES = YES;
				BUNDLE_LOADER = "$(TEST_HOST)";
				CODE_SIGN_STYLE = Automatic;
				DEVELOPMENT_TEAM = U4B5SM67ER;
				INFOPLIST_FILE = "Dogs We LoveTests/Info.plist";
				IPHONEOS_DEPLOYMENT_TARGET = 13.2;
				LD_RUNPATH_SEARCH_PATHS = (
					"$(inherited)",
					"@executable_path/Frameworks",
					"@loader_path/Frameworks",
				);
				PRODUCT_BUNDLE_IDENTIFIER = "com.codikas.Dogs-We-LoveTests";
				PRODUCT_NAME = "$(TARGET_NAME)";
				SWIFT_VERSION = 5.0;
				TARGETED_DEVICE_FAMILY = "1,2";
				TEST_HOST = "$(BUILT_PRODUCTS_DIR)/Dogs We Love.app/Dogs We Love";
			};
			name = Release;
		};
/* End XCBuildConfiguration section */

/* Begin XCConfigurationList section */
		853478ED23DFCBE100E40309 /* Build configuration list for PBXProject "Dogs We Love" */ = {
			isa = XCConfigurationList;
			buildConfigurations = (
				8534790F23DFCBE700E40309 /* Debug */,
				8534791023DFCBE700E40309 /* Release */,
			);
			defaultConfigurationIsVisible = 0;
			defaultConfigurationName = Release;
		};
		8534791123DFCBE700E40309 /* Build configuration list for PBXNativeTarget "Dogs We Love" */ = {
			isa = XCConfigurationList;
			buildConfigurations = (
				8534791223DFCBE700E40309 /* Debug */,
				8534791323DFCBE700E40309 /* Release */,
			);
			defaultConfigurationIsVisible = 0;
			defaultConfigurationName = Release;
		};
		8534791423DFCBE700E40309 /* Build configuration list for PBXNativeTarget "Dogs We LoveTests" */ = {
			isa = XCConfigurationList;
			buildConfigurations = (
				8534791523DFCBE700E40309 /* Debug */,
				8534791623DFCBE700E40309 /* Release */,
			);
			defaultConfigurationIsVisible = 0;
			defaultConfigurationName = Release;
		};
/* End XCConfigurationList section */

/* Begin XCRemoteSwiftPackageReference section */
		8534791723DFCCFD00E40309 /* XCRemoteSwiftPackageReference "Moya" */ = {
			isa = XCRemoteSwiftPackageReference;
			repositoryURL = "https://github.com/Moya/Moya.git";
			requirement = {
				kind = upToNextMajorVersion;
				minimumVersion = 13.0.0;
			};
		};
		8534791C23DFCDFE00E40309 /* XCRemoteSwiftPackageReference "RxSwift" */ = {
			isa = XCRemoteSwiftPackageReference;
			repositoryURL = "https://github.com/ReactiveX/RxSwift";
			requirement = {
				kind = exactVersion;
				version = 4.5.0;
			};
		};
		8534792123DFCF4300E40309 /* XCRemoteSwiftPackageReference "realm-cocoa" */ = {
			isa = XCRemoteSwiftPackageReference;
			repositoryURL = "https://github.com/realm/realm-cocoa";
			requirement = {
				kind = upToNextMajorVersion;
				minimumVersion = 4.3.1;
			};
		};
/* End XCRemoteSwiftPackageReference section */

/* Begin XCSwiftPackageProductDependency section */
		8534791823DFCCFD00E40309 /* Moya */ = {
			isa = XCSwiftPackageProductDependency;
			package = 8534791723DFCCFD00E40309 /* XCRemoteSwiftPackageReference "Moya" */;
			productName = Moya;
		};
		8534791A23DFCCFD00E40309 /* RxMoya */ = {
			isa = XCSwiftPackageProductDependency;
			package = 8534791723DFCCFD00E40309 /* XCRemoteSwiftPackageReference "Moya" */;
			productName = RxMoya;
		};
		8534791D23DFCDFE00E40309 /* RxCocoa */ = {
			isa = XCSwiftPackageProductDependency;
			package = 8534791C23DFCDFE00E40309 /* XCRemoteSwiftPackageReference "RxSwift" */;
			productName = RxCocoa;
		};
		8534791F23DFCDFE00E40309 /* RxSwift */ = {
			isa = XCSwiftPackageProductDependency;
			package = 8534791C23DFCDFE00E40309 /* XCRemoteSwiftPackageReference "RxSwift" */;
			productName = RxSwift;
		};
		8534792223DFCF4300E40309 /* RealmSwift */ = {
			isa = XCSwiftPackageProductDependency;
			package = 8534792123DFCF4300E40309 /* XCRemoteSwiftPackageReference "realm-cocoa" */;
			productName = RealmSwift;
		};
		8534792423DFCF4300E40309 /* Realm */ = {
			isa = XCSwiftPackageProductDependency;
			package = 8534792123DFCF4300E40309 /* XCRemoteSwiftPackageReference "realm-cocoa" */;
			productName = Realm;
		};
/* End XCSwiftPackageProductDependency section */
	};
	rootObject = 853478EA23DFCBE100E40309 /* Project object */;
}
