// !$*UTF8*$!
{
	archiveVersion = 1;
	classes = {
	};
	objectVersion = 52;
	objects = {

/* Begin PBXBuildFile section */
		853478F623DFCBE100E40309 /* AppDelegate.swift in Sources */ = {isa = PBXBuildFile; fileRef = 853478F523DFCBE100E40309 /* AppDelegate.swift */; };
		853478F823DFCBE100E40309 /* SceneDelegate.swift in Sources */ = {isa = PBXBuildFile; fileRef = 853478F723DFCBE100E40309 /* SceneDelegate.swift */; };
		853478FF23DFCBE700E40309 /* Assets.xcassets in Resources */ = {isa = PBXBuildFile; fileRef = 853478FE23DFCBE700E40309 /* Assets.xcassets */; };
		8534790223DFCBE700E40309 /* LaunchScreen.storyboard in Resources */ = {isa = PBXBuildFile; fileRef = 8534790023DFCBE700E40309 /* LaunchScreen.storyboard */; };
		8534791923DFCCFD00E40309 /* Moya in Frameworks */ = {isa = PBXBuildFile; productRef = 8534791823DFCCFD00E40309 /* Moya */; };
		8534791B23DFCCFD00E40309 /* RxMoya in Frameworks */ = {isa = PBXBuildFile; productRef = 8534791A23DFCCFD00E40309 /* RxMoya */; };
		8534791E23DFCDFE00E40309 /* RxCocoa in Frameworks */ = {isa = PBXBuildFile; productRef = 8534791D23DFCDFE00E40309 /* RxCocoa */; };
		8534792023DFCDFE00E40309 /* RxSwift in Frameworks */ = {isa = PBXBuildFile; productRef = 8534791F23DFCDFE00E40309 /* RxSwift */; };
		8534792323DFCF4300E40309 /* RealmSwift in Frameworks */ = {isa = PBXBuildFile; productRef = 8534792223DFCF4300E40309 /* RealmSwift */; };
		8534792523DFCF4300E40309 /* Realm in Frameworks */ = {isa = PBXBuildFile; productRef = 8534792423DFCF4300E40309 /* Realm */; };
		8534793223DFD1EF00E40309 /* Colors.xcassets in Resources */ = {isa = PBXBuildFile; fileRef = 8534793123DFD1EF00E40309 /* Colors.xcassets */; };
		8534793523DFD28B00E40309 /* Dog.swift in Sources */ = {isa = PBXBuildFile; fileRef = 8534793423DFD28B00E40309 /* Dog.swift */; };
		8534793823DFD39400E40309 /* DogsPersistenceAPIType.swift in Sources */ = {isa = PBXBuildFile; fileRef = 8534793723DFD39400E40309 /* DogsPersistenceAPIType.swift */; };
		8534793A23DFD3A300E40309 /* DogsAPIType.swift in Sources */ = {isa = PBXBuildFile; fileRef = 8534793923DFD3A300E40309 /* DogsAPIType.swift */; };
		8534793E23DFD59800E40309 /* RealmDog.swift in Sources */ = {isa = PBXBuildFile; fileRef = 8534793D23DFD59800E40309 /* RealmDog.swift */; };
		8534794023DFD5ED00E40309 /* RealmDog+Mapper.swift in Sources */ = {isa = PBXBuildFile; fileRef = 8534793F23DFD5ED00E40309 /* RealmDog+Mapper.swift */; };
		8534794223DFD68900E40309 /* DogsPersistenceAPI.swift in Sources */ = {isa = PBXBuildFile; fileRef = 8534794123DFD68900E40309 /* DogsPersistenceAPI.swift */; };
		8534794423DFD70900E40309 /* GetDogsUseCase.swift in Sources */ = {isa = PBXBuildFile; fileRef = 8534794323DFD70900E40309 /* GetDogsUseCase.swift */; };
		8534794623DFDA6200E40309 /* RequestService.swift in Sources */ = {isa = PBXBuildFile; fileRef = 8534794523DFDA6200E40309 /* RequestService.swift */; };
		8534794823DFDB3E00E40309 /* RequestHandler.swift in Sources */ = {isa = PBXBuildFile; fileRef = 8534794723DFDB3E00E40309 /* RequestHandler.swift */; };
		8534794A23DFDC1900E40309 /* RequestSampleData.swift in Sources */ = {isa = PBXBuildFile; fileRef = 8534794923DFDC1900E40309 /* RequestSampleData.swift */; };
		8534794D23DFDC7800E40309 /* DogsAPI.swift in Sources */ = {isa = PBXBuildFile; fileRef = 8534794C23DFDC7800E40309 /* DogsAPI.swift */; };
		8534794F23DFDC8700E40309 /* DogsEndpoint.swift in Sources */ = {isa = PBXBuildFile; fileRef = 8534794E23DFDC8700E40309 /* DogsEndpoint.swift */; };
		8534795123DFDC9600E40309 /* DogResponseModel.swift in Sources */ = {isa = PBXBuildFile; fileRef = 8534795023DFDC9600E40309 /* DogResponseModel.swift */; };
		8534795323DFDCA400E40309 /* DogResponseModel+Mapper.swift in Sources */ = {isa = PBXBuildFile; fileRef = 8534795223DFDCA400E40309 /* DogResponseModel+Mapper.swift */; };
		8534795523DFDE5300E40309 /* URL+Extensions.swift in Sources */ = {isa = PBXBuildFile; fileRef = 8534795423DFDE5300E40309 /* URL+Extensions.swift */; };
		8534795723DFDEAA00E40309 /* SampleDogsAPI.json in Resources */ = {isa = PBXBuildFile; fileRef = 8534795623DFDEAA00E40309 /* SampleDogsAPI.json */; };
		8534795923E081C200E40309 /* DogsAPITests.swift in Sources */ = {isa = PBXBuildFile; fileRef = 8534795823E081C200E40309 /* DogsAPITests.swift */; };
		8534795B23E091F600E40309 /* UIColor+Extensions.swift in Sources */ = {isa = PBXBuildFile; fileRef = 8534795A23E091F600E40309 /* UIColor+Extensions.swift */; };
		8534796023E093F200E40309 /* DogsHomeViewController.swift in Sources */ = {isa = PBXBuildFile; fileRef = 8534795E23E093F200E40309 /* DogsHomeViewController.swift */; };
		8534796123E093F200E40309 /* DogsHomeViewController.xib in Resources */ = {isa = PBXBuildFile; fileRef = 8534795F23E093F200E40309 /* DogsHomeViewController.xib */; };
		8534796323E0940300E40309 /* DogsHomeViewModel.swift in Sources */ = {isa = PBXBuildFile; fileRef = 8534796223E0940300E40309 /* DogsHomeViewModel.swift */; };
		8534796523E0941B00E40309 /* DogsHome+Factory.swift in Sources */ = {isa = PBXBuildFile; fileRef = 8534796423E0941B00E40309 /* DogsHome+Factory.swift */; };
		8534796723E0944300E40309 /* DogsHome+Components.swift in Sources */ = {isa = PBXBuildFile; fileRef = 8534796623E0944300E40309 /* DogsHome+Components.swift */; };
		8534796923E0945500E40309 /* DogsHome+Coordinator.swift in Sources */ = {isa = PBXBuildFile; fileRef = 8534796823E0945500E40309 /* DogsHome+Coordinator.swift */; };
		8534796B23E0948500E40309 /* DogsHomeViewData.swift in Sources */ = {isa = PBXBuildFile; fileRef = 8534796A23E0948500E40309 /* DogsHomeViewData.swift */; };
		8595989923E095B900E100BD /* DogsHomeViewModel+Protocols.swift in Sources */ = {isa = PBXBuildFile; fileRef = 8595989823E095B900E100BD /* DogsHomeViewModel+Protocols.swift */; };
		8595989B23E095CB00E100BD /* DogsHomeViewModel+Dependencies.swift in Sources */ = {isa = PBXBuildFile; fileRef = 8595989A23E095CB00E100BD /* DogsHomeViewModel+Dependencies.swift */; };
		8595989D23E0989B00E100BD /* DogsHomeViewDataType.swift in Sources */ = {isa = PBXBuildFile; fileRef = 8595989C23E0989B00E100BD /* DogsHomeViewDataType.swift */; };
		859598A023E0998700E100BD /* DogHomeTableViewCell.swift in Sources */ = {isa = PBXBuildFile; fileRef = 8595989E23E0998700E100BD /* DogHomeTableViewCell.swift */; };
		859598A123E0998700E100BD /* DogHomeTableViewCell.xib in Resources */ = {isa = PBXBuildFile; fileRef = 8595989F23E0998700E100BD /* DogHomeTableViewCell.xib */; };
		859598A323E09FEC00E100BD /* UIViewController+Extensions.swift in Sources */ = {isa = PBXBuildFile; fileRef = 859598A223E09FEC00E100BD /* UIViewController+Extensions.swift */; };
		859598A523E0A13D00E100BD /* Coordinator.swift in Sources */ = {isa = PBXBuildFile; fileRef = 859598A423E0A13D00E100BD /* Coordinator.swift */; };
		859598A723E0A14800E100BD /* AppCoordinator.swift in Sources */ = {isa = PBXBuildFile; fileRef = 859598A623E0A14800E100BD /* AppCoordinator.swift */; };
		859598AA23E0A86300E100BD /* Nuke in Frameworks */ = {isa = PBXBuildFile; productRef = 859598A923E0A86300E100BD /* Nuke */; };
		859598AC23E0AD4E00E100BD /* UITableView+Extensions.swift in Sources */ = {isa = PBXBuildFile; fileRef = 859598AB23E0AD4E00E100BD /* UITableView+Extensions.swift */; };
/* End PBXBuildFile section */

/* Begin PBXContainerItemProxy section */
		8534790923DFCBE700E40309 /* PBXContainerItemProxy */ = {
			isa = PBXContainerItemProxy;
			containerPortal = 853478EA23DFCBE100E40309 /* Project object */;
			proxyType = 1;
			remoteGlobalIDString = 853478F123DFCBE100E40309;
			remoteInfo = "Dogs We Love";
		};
/* End PBXContainerItemProxy section */

/* Begin PBXFileReference section */
		853478F223DFCBE100E40309 /* Dogs We Love.app */ = {isa = PBXFileReference; explicitFileType = wrapper.application; includeInIndex = 0; path = "Dogs We Love.app"; sourceTree = BUILT_PRODUCTS_DIR; };
		853478F523DFCBE100E40309 /* AppDelegate.swift */ = {isa = PBXFileReference; lastKnownFileType = sourcecode.swift; path = AppDelegate.swift; sourceTree = "<group>"; };
		853478F723DFCBE100E40309 /* SceneDelegate.swift */ = {isa = PBXFileReference; lastKnownFileType = sourcecode.swift; path = SceneDelegate.swift; sourceTree = "<group>"; };
		853478FE23DFCBE700E40309 /* Assets.xcassets */ = {isa = PBXFileReference; lastKnownFileType = folder.assetcatalog; path = Assets.xcassets; sourceTree = "<group>"; };
		8534790123DFCBE700E40309 /* Base */ = {isa = PBXFileReference; lastKnownFileType = file.storyboard; name = Base; path = Base.lproj/LaunchScreen.storyboard; sourceTree = "<group>"; };
		8534790323DFCBE700E40309 /* Info.plist */ = {isa = PBXFileReference; lastKnownFileType = text.plist.xml; path = Info.plist; sourceTree = "<group>"; };
		8534790823DFCBE700E40309 /* Dogs We LoveTests.xctest */ = {isa = PBXFileReference; explicitFileType = wrapper.cfbundle; includeInIndex = 0; path = "Dogs We LoveTests.xctest"; sourceTree = BUILT_PRODUCTS_DIR; };
		8534790E23DFCBE700E40309 /* Info.plist */ = {isa = PBXFileReference; lastKnownFileType = text.plist.xml; path = Info.plist; sourceTree = "<group>"; };
		8534793123DFD1EF00E40309 /* Colors.xcassets */ = {isa = PBXFileReference; lastKnownFileType = folder.assetcatalog; path = Colors.xcassets; sourceTree = "<group>"; };
		8534793423DFD28B00E40309 /* Dog.swift */ = {isa = PBXFileReference; lastKnownFileType = sourcecode.swift; path = Dog.swift; sourceTree = "<group>"; };
		8534793723DFD39400E40309 /* DogsPersistenceAPIType.swift */ = {isa = PBXFileReference; lastKnownFileType = sourcecode.swift; path = DogsPersistenceAPIType.swift; sourceTree = "<group>"; };
		8534793923DFD3A300E40309 /* DogsAPIType.swift */ = {isa = PBXFileReference; lastKnownFileType = sourcecode.swift; path = DogsAPIType.swift; sourceTree = "<group>"; };
		8534793D23DFD59800E40309 /* RealmDog.swift */ = {isa = PBXFileReference; lastKnownFileType = sourcecode.swift; path = RealmDog.swift; sourceTree = "<group>"; };
		8534793F23DFD5ED00E40309 /* RealmDog+Mapper.swift */ = {isa = PBXFileReference; lastKnownFileType = sourcecode.swift; path = "RealmDog+Mapper.swift"; sourceTree = "<group>"; };
		8534794123DFD68900E40309 /* DogsPersistenceAPI.swift */ = {isa = PBXFileReference; lastKnownFileType = sourcecode.swift; path = DogsPersistenceAPI.swift; sourceTree = "<group>"; };
		8534794323DFD70900E40309 /* GetDogsUseCase.swift */ = {isa = PBXFileReference; lastKnownFileType = sourcecode.swift; path = GetDogsUseCase.swift; sourceTree = "<group>"; };
		8534794523DFDA6200E40309 /* RequestService.swift */ = {isa = PBXFileReference; lastKnownFileType = sourcecode.swift; path = RequestService.swift; sourceTree = "<group>"; };
		8534794723DFDB3E00E40309 /* RequestHandler.swift */ = {isa = PBXFileReference; lastKnownFileType = sourcecode.swift; path = RequestHandler.swift; sourceTree = "<group>"; };
		8534794923DFDC1900E40309 /* RequestSampleData.swift */ = {isa = PBXFileReference; lastKnownFileType = sourcecode.swift; path = RequestSampleData.swift; sourceTree = "<group>"; };
		8534794C23DFDC7800E40309 /* DogsAPI.swift */ = {isa = PBXFileReference; lastKnownFileType = sourcecode.swift; path = DogsAPI.swift; sourceTree = "<group>"; };
		8534794E23DFDC8700E40309 /* DogsEndpoint.swift */ = {isa = PBXFileReference; lastKnownFileType = sourcecode.swift; path = DogsEndpoint.swift; sourceTree = "<group>"; };
		8534795023DFDC9600E40309 /* DogResponseModel.swift */ = {isa = PBXFileReference; lastKnownFileType = sourcecode.swift; path = DogResponseModel.swift; sourceTree = "<group>"; };
		8534795223DFDCA400E40309 /* DogResponseModel+Mapper.swift */ = {isa = PBXFileReference; lastKnownFileType = sourcecode.swift; path = "DogResponseModel+Mapper.swift"; sourceTree = "<group>"; };
		8534795423DFDE5300E40309 /* URL+Extensions.swift */ = {isa = PBXFileReference; lastKnownFileType = sourcecode.swift; path = "URL+Extensions.swift"; sourceTree = "<group>"; };
		8534795623DFDEAA00E40309 /* SampleDogsAPI.json */ = {isa = PBXFileReference; fileEncoding = 4; lastKnownFileType = text.json; path = SampleDogsAPI.json; sourceTree = "<group>"; };
		8534795823E081C200E40309 /* DogsAPITests.swift */ = {isa = PBXFileReference; lastKnownFileType = sourcecode.swift; path = DogsAPITests.swift; sourceTree = "<group>"; };
		8534795A23E091F600E40309 /* UIColor+Extensions.swift */ = {isa = PBXFileReference; lastKnownFileType = sourcecode.swift; path = "UIColor+Extensions.swift"; sourceTree = "<group>"; };
		8534795E23E093F200E40309 /* DogsHomeViewController.swift */ = {isa = PBXFileReference; lastKnownFileType = sourcecode.swift; path = DogsHomeViewController.swift; sourceTree = "<group>"; };
		8534795F23E093F200E40309 /* DogsHomeViewController.xib */ = {isa = PBXFileReference; lastKnownFileType = file.xib; path = DogsHomeViewController.xib; sourceTree = "<group>"; };
		8534796223E0940300E40309 /* DogsHomeViewModel.swift */ = {isa = PBXFileReference; lastKnownFileType = sourcecode.swift; path = DogsHomeViewModel.swift; sourceTree = "<group>"; };
		8534796423E0941B00E40309 /* DogsHome+Factory.swift */ = {isa = PBXFileReference; lastKnownFileType = sourcecode.swift; path = "DogsHome+Factory.swift"; sourceTree = "<group>"; };
		8534796623E0944300E40309 /* DogsHome+Components.swift */ = {isa = PBXFileReference; lastKnownFileType = sourcecode.swift; path = "DogsHome+Components.swift"; sourceTree = "<group>"; };
		8534796823E0945500E40309 /* DogsHome+Coordinator.swift */ = {isa = PBXFileReference; lastKnownFileType = sourcecode.swift; path = "DogsHome+Coordinator.swift"; sourceTree = "<group>"; };
		8534796A23E0948500E40309 /* DogsHomeViewData.swift */ = {isa = PBXFileReference; lastKnownFileType = sourcecode.swift; path = DogsHomeViewData.swift; sourceTree = "<group>"; };
		8595989823E095B900E100BD /* DogsHomeViewModel+Protocols.swift */ = {isa = PBXFileReference; lastKnownFileType = sourcecode.swift; path = "DogsHomeViewModel+Protocols.swift"; sourceTree = "<group>"; };
		8595989A23E095CB00E100BD /* DogsHomeViewModel+Dependencies.swift */ = {isa = PBXFileReference; lastKnownFileType = sourcecode.swift; path = "DogsHomeViewModel+Dependencies.swift"; sourceTree = "<group>"; };
		8595989C23E0989B00E100BD /* DogsHomeViewDataType.swift */ = {isa = PBXFileReference; lastKnownFileType = sourcecode.swift; path = DogsHomeViewDataType.swift; sourceTree = "<group>"; };
		8595989E23E0998700E100BD /* DogHomeTableViewCell.swift */ = {isa = PBXFileReference; lastKnownFileType = sourcecode.swift; path = DogHomeTableViewCell.swift; sourceTree = "<group>"; };
		8595989F23E0998700E100BD /* DogHomeTableViewCell.xib */ = {isa = PBXFileReference; lastKnownFileType = file.xib; path = DogHomeTableViewCell.xib; sourceTree = "<group>"; };
		859598A223E09FEC00E100BD /* UIViewController+Extensions.swift */ = {isa = PBXFileReference; lastKnownFileType = sourcecode.swift; path = "UIViewController+Extensions.swift"; sourceTree = "<group>"; };
		859598A423E0A13D00E100BD /* Coordinator.swift */ = {isa = PBXFileReference; lastKnownFileType = sourcecode.swift; path = Coordinator.swift; sourceTree = "<group>"; };
		859598A623E0A14800E100BD /* AppCoordinator.swift */ = {isa = PBXFileReference; lastKnownFileType = sourcecode.swift; path = AppCoordinator.swift; sourceTree = "<group>"; };
		859598AB23E0AD4E00E100BD /* UITableView+Extensions.swift */ = {isa = PBXFileReference; lastKnownFileType = sourcecode.swift; path = "UITableView+Extensions.swift"; sourceTree = "<group>"; };
/* End PBXFileReference section */

/* Begin PBXFrameworksBuildPhase section */
		853478EF23DFCBE100E40309 /* Frameworks */ = {
			isa = PBXFrameworksBuildPhase;
			buildActionMask = 2147483647;
			files = (
				8534792523DFCF4300E40309 /* Realm in Frameworks */,
				8534791E23DFCDFE00E40309 /* RxCocoa in Frameworks */,
				859598AA23E0A86300E100BD /* Nuke in Frameworks */,
				8534791B23DFCCFD00E40309 /* RxMoya in Frameworks */,
				8534792023DFCDFE00E40309 /* RxSwift in Frameworks */,
				8534792323DFCF4300E40309 /* RealmSwift in Frameworks */,
				8534791923DFCCFD00E40309 /* Moya in Frameworks */,
			);
			runOnlyForDeploymentPostprocessing = 0;
		};
		8534790523DFCBE700E40309 /* Frameworks */ = {
			isa = PBXFrameworksBuildPhase;
			buildActionMask = 2147483647;
			files = (
			);
			runOnlyForDeploymentPostprocessing = 0;
		};
/* End PBXFrameworksBuildPhase section */

/* Begin PBXGroup section */
		853478E923DFCBE100E40309 = {
			isa = PBXGroup;
			children = (
				853478F423DFCBE100E40309 /* Dogs We Love */,
				8534790B23DFCBE700E40309 /* Dogs We LoveTests */,
				853478F323DFCBE100E40309 /* Products */,
			);
			sourceTree = "<group>";
		};
		853478F323DFCBE100E40309 /* Products */ = {
			isa = PBXGroup;
			children = (
				853478F223DFCBE100E40309 /* Dogs We Love.app */,
				8534790823DFCBE700E40309 /* Dogs We LoveTests.xctest */,
			);
			name = Products;
			sourceTree = "<group>";
		};
		853478F423DFCBE100E40309 /* Dogs We Love */ = {
			isa = PBXGroup;
			children = (
				8534790323DFCBE700E40309 /* Info.plist */,
				853478F523DFCBE100E40309 /* AppDelegate.swift */,
				853478F723DFCBE100E40309 /* SceneDelegate.swift */,
				8534793023DFD1CB00E40309 /* Features */,
				8534792C23DFD12D00E40309 /* Data */,
				8534792623DFCFDB00E40309 /* Domain */,
				8534793623DFD2B700E40309 /* Extensions */,
				8534792B23DFD0CF00E40309 /* Resources */,
			);
			path = "Dogs We Love";
			sourceTree = "<group>";
		};
		8534790B23DFCBE700E40309 /* Dogs We LoveTests */ = {
			isa = PBXGroup;
			children = (
				8534795823E081C200E40309 /* DogsAPITests.swift */,
				8534790E23DFCBE700E40309 /* Info.plist */,
			);
			path = "Dogs We LoveTests";
			sourceTree = "<group>";
		};
		8534792623DFCFDB00E40309 /* Domain */ = {
			isa = PBXGroup;
			children = (
				8534792A23DFD01C00E40309 /* Entities */,
				8534792923DFD01200E40309 /* UseCases */,
			);
			path = Domain;
			sourceTree = "<group>";
		};
		8534792923DFD01200E40309 /* UseCases */ = {
			isa = PBXGroup;
			children = (
				8534794323DFD70900E40309 /* GetDogsUseCase.swift */,
			);
			path = UseCases;
			sourceTree = "<group>";
		};
		8534792A23DFD01C00E40309 /* Entities */ = {
			isa = PBXGroup;
			children = (
				8534793423DFD28B00E40309 /* Dog.swift */,
			);
			path = Entities;
			sourceTree = "<group>";
		};
		8534792B23DFD0CF00E40309 /* Resources */ = {
			isa = PBXGroup;
			children = (
				853478FE23DFCBE700E40309 /* Assets.xcassets */,
				8534793123DFD1EF00E40309 /* Colors.xcassets */,
			);
			path = Resources;
			sourceTree = "<group>";
		};
		8534792C23DFD12D00E40309 /* Data */ = {
			isa = PBXGroup;
			children = (
				8534792F23DFD15400E40309 /* GatewayAPI */,
				8534792E23DFD14900E40309 /* PersistenceAPI */,
				8534792D23DFD13400E40309 /* DogsAPI */,
			);
			path = Data;
			sourceTree = "<group>";
		};
		8534792D23DFD13400E40309 /* DogsAPI */ = {
			isa = PBXGroup;
			children = (
				8534793C23DFD55C00E40309 /* CoreNetwork */,
				8534794B23DFDC6600E40309 /* Dogs */,
			);
			path = DogsAPI;
			sourceTree = "<group>";
		};
		8534792E23DFD14900E40309 /* PersistenceAPI */ = {
			isa = PBXGroup;
			children = (
				8534794123DFD68900E40309 /* DogsPersistenceAPI.swift */,
				8534793D23DFD59800E40309 /* RealmDog.swift */,
				8534793F23DFD5ED00E40309 /* RealmDog+Mapper.swift */,
			);
			path = PersistenceAPI;
			sourceTree = "<group>";
		};
		8534792F23DFD15400E40309 /* GatewayAPI */ = {
			isa = PBXGroup;
			children = (
				8534793923DFD3A300E40309 /* DogsAPIType.swift */,
				8534793723DFD39400E40309 /* DogsPersistenceAPIType.swift */,
			);
			path = GatewayAPI;
			sourceTree = "<group>";
		};
		8534793023DFD1CB00E40309 /* Features */ = {
			isa = PBXGroup;
			children = (
				8534793323DFD23900E40309 /* Base */,
				8534795C23E0939900E40309 /* DogsHome */,
			);
			path = Features;
			sourceTree = "<group>";
		};
		8534793323DFD23900E40309 /* Base */ = {
			isa = PBXGroup;
			children = (
				859598A423E0A13D00E100BD /* Coordinator.swift */,
				859598A623E0A14800E100BD /* AppCoordinator.swift */,
				8534790023DFCBE700E40309 /* LaunchScreen.storyboard */,
			);
			path = Base;
			sourceTree = "<group>";
		};
		8534793623DFD2B700E40309 /* Extensions */ = {
			isa = PBXGroup;
			children = (
				8534795423DFDE5300E40309 /* URL+Extensions.swift */,
				8534795A23E091F600E40309 /* UIColor+Extensions.swift */,
				859598A223E09FEC00E100BD /* UIViewController+Extensions.swift */,
				859598AB23E0AD4E00E100BD /* UITableView+Extensions.swift */,
			);
			path = Extensions;
			sourceTree = "<group>";
		};
		8534793C23DFD55C00E40309 /* CoreNetwork */ = {
			isa = PBXGroup;
			children = (
				8534794523DFDA6200E40309 /* RequestService.swift */,
				8534794723DFDB3E00E40309 /* RequestHandler.swift */,
				8534794923DFDC1900E40309 /* RequestSampleData.swift */,
			);
			path = CoreNetwork;
			sourceTree = "<group>";
		};
		8534794B23DFDC6600E40309 /* Dogs */ = {
			isa = PBXGroup;
			children = (
				8534794C23DFDC7800E40309 /* DogsAPI.swift */,
				8534794E23DFDC8700E40309 /* DogsEndpoint.swift */,
				8534795023DFDC9600E40309 /* DogResponseModel.swift */,
				8534795223DFDCA400E40309 /* DogResponseModel+Mapper.swift */,
				8534795623DFDEAA00E40309 /* SampleDogsAPI.json */,
			);
			path = Dogs;
			sourceTree = "<group>";
		};
		8534795C23E0939900E40309 /* DogsHome */ = {
			isa = PBXGroup;
			children = (
				8534795D23E093A900E40309 /* Symbols */,
				8595989723E0954900E100BD /* ViewData */,
				8534795F23E093F200E40309 /* DogsHomeViewController.xib */,
				8534796423E0941B00E40309 /* DogsHome+Factory.swift */,
				8534796623E0944300E40309 /* DogsHome+Components.swift */,
				8534796823E0945500E40309 /* DogsHome+Coordinator.swift */,
				8534795E23E093F200E40309 /* DogsHomeViewController.swift */,
				8534796223E0940300E40309 /* DogsHomeViewModel.swift */,
				8595989823E095B900E100BD /* DogsHomeViewModel+Protocols.swift */,
				8595989A23E095CB00E100BD /* DogsHomeViewModel+Dependencies.swift */,
			);
			path = DogsHome;
			sourceTree = "<group>";
		};
		8534795D23E093A900E40309 /* Symbols */ = {
			isa = PBXGroup;
			children = (
				8595989C23E0989B00E100BD /* DogsHomeViewDataType.swift */,
				8595989F23E0998700E100BD /* DogHomeTableViewCell.xib */,
				8595989E23E0998700E100BD /* DogHomeTableViewCell.swift */,
			);
			path = Symbols;
			sourceTree = "<group>";
		};
		8595989723E0954900E100BD /* ViewData */ = {
			isa = PBXGroup;
			children = (
				8534796A23E0948500E40309 /* DogsHomeViewData.swift */,
			);
			path = ViewData;
			sourceTree = "<group>";
		};
/* End PBXGroup section */

/* Begin PBXNativeTarget section */
		853478F123DFCBE100E40309 /* Dogs We Love */ = {
			isa = PBXNativeTarget;
			buildConfigurationList = 8534791123DFCBE700E40309 /* Build configuration list for PBXNativeTarget "Dogs We Love" */;
			buildPhases = (
				853478EE23DFCBE100E40309 /* Sources */,
				853478EF23DFCBE100E40309 /* Frameworks */,
				853478F023DFCBE100E40309 /* Resources */,
			);
			buildRules = (
			);
			dependencies = (
			);
			name = "Dogs We Love";
			packageProductDependencies = (
				8534791823DFCCFD00E40309 /* Moya */,
				8534791A23DFCCFD00E40309 /* RxMoya */,
				8534791D23DFCDFE00E40309 /* RxCocoa */,
				8534791F23DFCDFE00E40309 /* RxSwift */,
				8534792223DFCF4300E40309 /* RealmSwift */,
				8534792423DFCF4300E40309 /* Realm */,
				859598A923E0A86300E100BD /* Nuke */,
			);
			productName = "Dogs We Love";
			productReference = 853478F223DFCBE100E40309 /* Dogs We Love.app */;
			productType = "com.apple.product-type.application";
		};
		8534790723DFCBE700E40309 /* Dogs We LoveTests */ = {
			isa = PBXNativeTarget;
			buildConfigurationList = 8534791423DFCBE700E40309 /* Build configuration list for PBXNativeTarget "Dogs We LoveTests" */;
			buildPhases = (
				8534790423DFCBE700E40309 /* Sources */,
				8534790523DFCBE700E40309 /* Frameworks */,
				8534790623DFCBE700E40309 /* Resources */,
			);
			buildRules = (
			);
			dependencies = (
				8534790A23DFCBE700E40309 /* PBXTargetDependency */,
			);
			name = "Dogs We LoveTests";
			productName = "Dogs We LoveTests";
			productReference = 8534790823DFCBE700E40309 /* Dogs We LoveTests.xctest */;
			productType = "com.apple.product-type.bundle.unit-test";
		};
/* End PBXNativeTarget section */

/* Begin PBXProject section */
		853478EA23DFCBE100E40309 /* Project object */ = {
			isa = PBXProject;
			attributes = {
				LastSwiftUpdateCheck = 1120;
				LastUpgradeCheck = 1120;
				ORGANIZATIONNAME = Codikas;
				TargetAttributes = {
					853478F123DFCBE100E40309 = {
						CreatedOnToolsVersion = 11.2.1;
					};
					8534790723DFCBE700E40309 = {
						CreatedOnToolsVersion = 11.2.1;
						TestTargetID = 853478F123DFCBE100E40309;
					};
				};
			};
			buildConfigurationList = 853478ED23DFCBE100E40309 /* Build configuration list for PBXProject "Dogs We Love" */;
			compatibilityVersion = "Xcode 9.3";
			developmentRegion = en;
			hasScannedForEncodings = 0;
			knownRegions = (
				en,
				Base,
			);
			mainGroup = 853478E923DFCBE100E40309;
			packageReferences = (
				8534791723DFCCFD00E40309 /* XCRemoteSwiftPackageReference "Moya" */,
				8534791C23DFCDFE00E40309 /* XCRemoteSwiftPackageReference "RxSwift" */,
				8534792123DFCF4300E40309 /* XCRemoteSwiftPackageReference "realm-cocoa" */,
				859598A823E0A86300E100BD /* XCRemoteSwiftPackageReference "Nuke" */,
			);
			productRefGroup = 853478F323DFCBE100E40309 /* Products */;
			projectDirPath = "";
			projectRoot = "";
			targets = (
				853478F123DFCBE100E40309 /* Dogs We Love */,
				8534790723DFCBE700E40309 /* Dogs We LoveTests */,
			);
		};
/* End PBXProject section */

/* Begin PBXResourcesBuildPhase section */
		853478F023DFCBE100E40309 /* Resources */ = {
			isa = PBXResourcesBuildPhase;
			buildActionMask = 2147483647;
			files = (
				8534790223DFCBE700E40309 /* LaunchScreen.storyboard in Resources */,
				859598A123E0998700E100BD /* DogHomeTableViewCell.xib in Resources */,
				8534793223DFD1EF00E40309 /* Colors.xcassets in Resources */,
				8534795723DFDEAA00E40309 /* SampleDogsAPI.json in Resources */,
				8534796123E093F200E40309 /* DogsHomeViewController.xib in Resources */,
				853478FF23DFCBE700E40309 /* Assets.xcassets in Resources */,
			);
			runOnlyForDeploymentPostprocessing = 0;
		};
		8534790623DFCBE700E40309 /* Resources */ = {
			isa = PBXResourcesBuildPhase;
			buildActionMask = 2147483647;
			files = (
			);
			runOnlyForDeploymentPostprocessing = 0;
		};
/* End PBXResourcesBuildPhase section */

/* Begin PBXSourcesBuildPhase section */
		853478EE23DFCBE100E40309 /* Sources */ = {
			isa = PBXSourcesBuildPhase;
			buildActionMask = 2147483647;
			files = (
				8534796B23E0948500E40309 /* DogsHomeViewData.swift in Sources */,
				8534796723E0944300E40309 /* DogsHome+Components.swift in Sources */,
				859598A523E0A13D00E100BD /* Coordinator.swift in Sources */,
				8595989923E095B900E100BD /* DogsHomeViewModel+Protocols.swift in Sources */,
				859598A723E0A14800E100BD /* AppCoordinator.swift in Sources */,
				8534796023E093F200E40309 /* DogsHomeViewController.swift in Sources */,
				8534795323DFDCA400E40309 /* DogResponseModel+Mapper.swift in Sources */,
				8534794223DFD68900E40309 /* DogsPersistenceAPI.swift in Sources */,
				8534794D23DFDC7800E40309 /* DogsAPI.swift in Sources */,
				8534796523E0941B00E40309 /* DogsHome+Factory.swift in Sources */,
				8534794423DFD70900E40309 /* GetDogsUseCase.swift in Sources */,
				8534794823DFDB3E00E40309 /* RequestHandler.swift in Sources */,
				8534793823DFD39400E40309 /* DogsPersistenceAPIType.swift in Sources */,
				8534794623DFDA6200E40309 /* RequestService.swift in Sources */,
				8534793A23DFD3A300E40309 /* DogsAPIType.swift in Sources */,
				8534796323E0940300E40309 /* DogsHomeViewModel.swift in Sources */,
				8534794023DFD5ED00E40309 /* RealmDog+Mapper.swift in Sources */,
				8534795B23E091F600E40309 /* UIColor+Extensions.swift in Sources */,
				853478F623DFCBE100E40309 /* AppDelegate.swift in Sources */,
				859598AC23E0AD4E00E100BD /* UITableView+Extensions.swift in Sources */,
				8595989D23E0989B00E100BD /* DogsHomeViewDataType.swift in Sources */,
				8534793523DFD28B00E40309 /* Dog.swift in Sources */,
				8534794A23DFDC1900E40309 /* RequestSampleData.swift in Sources */,
				8534796923E0945500E40309 /* DogsHome+Coordinator.swift in Sources */,
				859598A323E09FEC00E100BD /* UIViewController+Extensions.swift in Sources */,
				8595989B23E095CB00E100BD /* DogsHomeViewModel+Dependencies.swift in Sources */,
				859598A023E0998700E100BD /* DogHomeTableViewCell.swift in Sources */,
				8534795523DFDE5300E40309 /* URL+Extensions.swift in Sources */,
				8534794F23DFDC8700E40309 /* DogsEndpoint.swift in Sources */,
				853478F823DFCBE100E40309 /* SceneDelegate.swift in Sources */,
				8534793E23DFD59800E40309 /* RealmDog.swift in Sources */,
				8534795123DFDC9600E40309 /* DogResponseModel.swift in Sources */,
			);
			runOnlyForDeploymentPostprocessing = 0;
		};
		8534790423DFCBE700E40309 /* Sources */ = {
			isa = PBXSourcesBuildPhase;
			buildActionMask = 2147483647;
			files = (
				8534795923E081C200E40309 /* DogsAPITests.swift in Sources */,
			);
			runOnlyForDeploymentPostprocessing = 0;
		};
/* End PBXSourcesBuildPhase section */

/* Begin PBXTargetDependency section */
		8534790A23DFCBE700E40309 /* PBXTargetDependency */ = {
			isa = PBXTargetDependency;
			target = 853478F123DFCBE100E40309 /* Dogs We Love */;
			targetProxy = 8534790923DFCBE700E40309 /* PBXContainerItemProxy */;
		};
/* End PBXTargetDependency section */

/* Begin PBXVariantGroup section */
		8534790023DFCBE700E40309 /* LaunchScreen.storyboard */ = {
			isa = PBXVariantGroup;
			children = (
				8534790123DFCBE700E40309 /* Base */,
			);
			name = LaunchScreen.storyboard;
			sourceTree = "<group>";
		};
/* End PBXVariantGroup section */

/* Begin XCBuildConfiguration section */
		8534790F23DFCBE700E40309 /* Debug */ = {
			isa = XCBuildConfiguration;
			buildSettings = {
				ALWAYS_SEARCH_USER_PATHS = NO;
				CLANG_ANALYZER_NONNULL = YES;
				CLANG_ANALYZER_NUMBER_OBJECT_CONVERSION = YES_AGGRESSIVE;
				CLANG_CXX_LANGUAGE_STANDARD = "gnu++14";
				CLANG_CXX_LIBRARY = "libc++";
				CLANG_ENABLE_MODULES = YES;
				CLANG_ENABLE_OBJC_ARC = YES;
				CLANG_ENABLE_OBJC_WEAK = YES;
				CLANG_WARN_BLOCK_CAPTURE_AUTORELEASING = YES;
				CLANG_WARN_BOOL_CONVERSION = YES;
				CLANG_WARN_COMMA = YES;
				CLANG_WARN_CONSTANT_CONVERSION = YES;
				CLANG_WARN_DEPRECATED_OBJC_IMPLEMENTATIONS = YES;
				CLANG_WARN_DIRECT_OBJC_ISA_USAGE = YES_ERROR;
				CLANG_WARN_DOCUMENTATION_COMMENTS = YES;
				CLANG_WARN_EMPTY_BODY = YES;
				CLANG_WARN_ENUM_CONVERSION = YES;
				CLANG_WARN_INFINITE_RECURSION = YES;
				CLANG_WARN_INT_CONVERSION = YES;
				CLANG_WARN_NON_LITERAL_NULL_CONVERSION = YES;
				CLANG_WARN_OBJC_IMPLICIT_RETAIN_SELF = YES;
				CLANG_WARN_OBJC_LITERAL_CONVERSION = YES;
				CLANG_WARN_OBJC_ROOT_CLASS = YES_ERROR;
				CLANG_WARN_RANGE_LOOP_ANALYSIS = YES;
				CLANG_WARN_STRICT_PROTOTYPES = YES;
				CLANG_WARN_SUSPICIOUS_MOVE = YES;
				CLANG_WARN_UNGUARDED_AVAILABILITY = YES_AGGRESSIVE;
				CLANG_WARN_UNREACHABLE_CODE = YES;
				CLANG_WARN__DUPLICATE_METHOD_MATCH = YES;
				COPY_PHASE_STRIP = NO;
				DEBUG_INFORMATION_FORMAT = dwarf;
				ENABLE_STRICT_OBJC_MSGSEND = YES;
				ENABLE_TESTABILITY = YES;
				GCC_C_LANGUAGE_STANDARD = gnu11;
				GCC_DYNAMIC_NO_PIC = NO;
				GCC_NO_COMMON_BLOCKS = YES;
				GCC_OPTIMIZATION_LEVEL = 0;
				GCC_PREPROCESSOR_DEFINITIONS = (
					"DEBUG=1",
					"$(inherited)",
				);
				GCC_WARN_64_TO_32_BIT_CONVERSION = YES;
				GCC_WARN_ABOUT_RETURN_TYPE = YES_ERROR;
				GCC_WARN_UNDECLARED_SELECTOR = YES;
				GCC_WARN_UNINITIALIZED_AUTOS = YES_AGGRESSIVE;
				GCC_WARN_UNUSED_FUNCTION = YES;
				GCC_WARN_UNUSED_VARIABLE = YES;
				IPHONEOS_DEPLOYMENT_TARGET = 13.2;
				MTL_ENABLE_DEBUG_INFO = INCLUDE_SOURCE;
				MTL_FAST_MATH = YES;
				ONLY_ACTIVE_ARCH = YES;
				SDKROOT = iphoneos;
				SWIFT_ACTIVE_COMPILATION_CONDITIONS = DEBUG;
				SWIFT_OPTIMIZATION_LEVEL = "-Onone";
			};
			name = Debug;
		};
		8534791023DFCBE700E40309 /* Release */ = {
			isa = XCBuildConfiguration;
			buildSettings = {
				ALWAYS_SEARCH_USER_PATHS = NO;
				CLANG_ANALYZER_NONNULL = YES;
				CLANG_ANALYZER_NUMBER_OBJECT_CONVERSION = YES_AGGRESSIVE;
				CLANG_CXX_LANGUAGE_STANDARD = "gnu++14";
				CLANG_CXX_LIBRARY = "libc++";
				CLANG_ENABLE_MODULES = YES;
				CLANG_ENABLE_OBJC_ARC = YES;
				CLANG_ENABLE_OBJC_WEAK = YES;
				CLANG_WARN_BLOCK_CAPTURE_AUTORELEASING = YES;
				CLANG_WARN_BOOL_CONVERSION = YES;
				CLANG_WARN_COMMA = YES;
				CLANG_WARN_CONSTANT_CONVERSION = YES;
				CLANG_WARN_DEPRECATED_OBJC_IMPLEMENTATIONS = YES;
				CLANG_WARN_DIRECT_OBJC_ISA_USAGE = YES_ERROR;
				CLANG_WARN_DOCUMENTATION_COMMENTS = YES;
				CLANG_WARN_EMPTY_BODY = YES;
				CLANG_WARN_ENUM_CONVERSION = YES;
				CLANG_WARN_INFINITE_RECURSION = YES;
				CLANG_WARN_INT_CONVERSION = YES;
				CLANG_WARN_NON_LITERAL_NULL_CONVERSION = YES;
				CLANG_WARN_OBJC_IMPLICIT_RETAIN_SELF = YES;
				CLANG_WARN_OBJC_LITERAL_CONVERSION = YES;
				CLANG_WARN_OBJC_ROOT_CLASS = YES_ERROR;
				CLANG_WARN_RANGE_LOOP_ANALYSIS = YES;
				CLANG_WARN_STRICT_PROTOTYPES = YES;
				CLANG_WARN_SUSPICIOUS_MOVE = YES;
				CLANG_WARN_UNGUARDED_AVAILABILITY = YES_AGGRESSIVE;
				CLANG_WARN_UNREACHABLE_CODE = YES;
				CLANG_WARN__DUPLICATE_METHOD_MATCH = YES;
				COPY_PHASE_STRIP = NO;
				DEBUG_INFORMATION_FORMAT = "dwarf-with-dsym";
				ENABLE_NS_ASSERTIONS = NO;
				ENABLE_STRICT_OBJC_MSGSEND = YES;
				GCC_C_LANGUAGE_STANDARD = gnu11;
				GCC_NO_COMMON_BLOCKS = YES;
				GCC_WARN_64_TO_32_BIT_CONVERSION = YES;
				GCC_WARN_ABOUT_RETURN_TYPE = YES_ERROR;
				GCC_WARN_UNDECLARED_SELECTOR = YES;
				GCC_WARN_UNINITIALIZED_AUTOS = YES_AGGRESSIVE;
				GCC_WARN_UNUSED_FUNCTION = YES;
				GCC_WARN_UNUSED_VARIABLE = YES;
				IPHONEOS_DEPLOYMENT_TARGET = 13.2;
				MTL_ENABLE_DEBUG_INFO = NO;
				MTL_FAST_MATH = YES;
				SDKROOT = iphoneos;
				SWIFT_COMPILATION_MODE = wholemodule;
				SWIFT_OPTIMIZATION_LEVEL = "-O";
				VALIDATE_PRODUCT = YES;
			};
			name = Release;
		};
		8534791223DFCBE700E40309 /* Debug */ = {
			isa = XCBuildConfiguration;
			buildSettings = {
				ASSETCATALOG_COMPILER_APPICON_NAME = AppIcon;
				CODE_SIGN_STYLE = Automatic;
				DEAD_CODE_STRIPPING = NO;
				DEVELOPMENT_TEAM = U4B5SM67ER;
				INFOPLIST_FILE = "Dogs We Love/Info.plist";
				IPHONEOS_DEPLOYMENT_TARGET = 13.0;
				LD_RUNPATH_SEARCH_PATHS = (
					"$(inherited)",
					"@executable_path/Frameworks",
				);
				PRODUCT_BUNDLE_IDENTIFIER = "com.codikas.Dogs-We-Love";
				PRODUCT_NAME = "$(TARGET_NAME)";
				SWIFT_VERSION = 5.0;
				TARGETED_DEVICE_FAMILY = "1,2";
			};
			name = Debug;
		};
		8534791323DFCBE700E40309 /* Release */ = {
			isa = XCBuildConfiguration;
			buildSettings = {
				ASSETCATALOG_COMPILER_APPICON_NAME = AppIcon;
				CODE_SIGN_STYLE = Automatic;
				DEAD_CODE_STRIPPING = NO;
				DEVELOPMENT_TEAM = U4B5SM67ER;
				INFOPLIST_FILE = "Dogs We Love/Info.plist";
				IPHONEOS_DEPLOYMENT_TARGET = 13.0;
				LD_RUNPATH_SEARCH_PATHS = (
					"$(inherited)",
					"@executable_path/Frameworks",
				);
				PRODUCT_BUNDLE_IDENTIFIER = "com.codikas.Dogs-We-Love";
				PRODUCT_NAME = "$(TARGET_NAME)";
				SWIFT_VERSION = 5.0;
				TARGETED_DEVICE_FAMILY = "1,2";
			};
			name = Release;
		};
		8534791523DFCBE700E40309 /* Debug */ = {
			isa = XCBuildConfiguration;
			buildSettings = {
				ALWAYS_EMBED_SWIFT_STANDARD_LIBRARIES = YES;
				BUNDLE_LOADER = "$(TEST_HOST)";
				CODE_SIGN_STYLE = Automatic;
				DEVELOPMENT_TEAM = U4B5SM67ER;
				INFOPLIST_FILE = "Dogs We LoveTests/Info.plist";
				IPHONEOS_DEPLOYMENT_TARGET = 13.2;
				LD_RUNPATH_SEARCH_PATHS = (
					"$(inherited)",
					"@executable_path/Frameworks",
					"@loader_path/Frameworks",
				);
				PRODUCT_BUNDLE_IDENTIFIER = "com.codikas.Dogs-We-LoveTests";
				PRODUCT_NAME = "$(TARGET_NAME)";
				SWIFT_VERSION = 5.0;
				TARGETED_DEVICE_FAMILY = "1,2";
				TEST_HOST = "$(BUILT_PRODUCTS_DIR)/Dogs We Love.app/Dogs We Love";
			};
			name = Debug;
		};
		8534791623DFCBE700E40309 /* Release */ = {
			isa = XCBuildConfiguration;
			buildSettings = {
				ALWAYS_EMBED_SWIFT_STANDARD_LIBRARIES = YES;
				BUNDLE_LOADER = "$(TEST_HOST)";
				CODE_SIGN_STYLE = Automatic;
				DEVELOPMENT_TEAM = U4B5SM67ER;
				INFOPLIST_FILE = "Dogs We LoveTests/Info.plist";
				IPHONEOS_DEPLOYMENT_TARGET = 13.2;
				LD_RUNPATH_SEARCH_PATHS = (
					"$(inherited)",
					"@executable_path/Frameworks",
					"@loader_path/Frameworks",
				);
				PRODUCT_BUNDLE_IDENTIFIER = "com.codikas.Dogs-We-LoveTests";
				PRODUCT_NAME = "$(TARGET_NAME)";
				SWIFT_VERSION = 5.0;
				TARGETED_DEVICE_FAMILY = "1,2";
				TEST_HOST = "$(BUILT_PRODUCTS_DIR)/Dogs We Love.app/Dogs We Love";
			};
			name = Release;
		};
/* End XCBuildConfiguration section */

/* Begin XCConfigurationList section */
		853478ED23DFCBE100E40309 /* Build configuration list for PBXProject "Dogs We Love" */ = {
			isa = XCConfigurationList;
			buildConfigurations = (
				8534790F23DFCBE700E40309 /* Debug */,
				8534791023DFCBE700E40309 /* Release */,
			);
			defaultConfigurationIsVisible = 0;
			defaultConfigurationName = Release;
		};
		8534791123DFCBE700E40309 /* Build configuration list for PBXNativeTarget "Dogs We Love" */ = {
			isa = XCConfigurationList;
			buildConfigurations = (
				8534791223DFCBE700E40309 /* Debug */,
				8534791323DFCBE700E40309 /* Release */,
			);
			defaultConfigurationIsVisible = 0;
			defaultConfigurationName = Release;
		};
		8534791423DFCBE700E40309 /* Build configuration list for PBXNativeTarget "Dogs We LoveTests" */ = {
			isa = XCConfigurationList;
			buildConfigurations = (
				8534791523DFCBE700E40309 /* Debug */,
				8534791623DFCBE700E40309 /* Release */,
			);
			defaultConfigurationIsVisible = 0;
			defaultConfigurationName = Release;
		};
/* End XCConfigurationList section */

/* Begin XCRemoteSwiftPackageReference section */
		8534791723DFCCFD00E40309 /* XCRemoteSwiftPackageReference "Moya" */ = {
			isa = XCRemoteSwiftPackageReference;
			repositoryURL = "https://github.com/Moya/Moya.git";
			requirement = {
				kind = upToNextMajorVersion;
				minimumVersion = 13.0.0;
			};
		};
		8534791C23DFCDFE00E40309 /* XCRemoteSwiftPackageReference "RxSwift" */ = {
			isa = XCRemoteSwiftPackageReference;
			repositoryURL = "https://github.com/ReactiveX/RxSwift";
			requirement = {
				kind = exactVersion;
				version = 4.5.0;
			};
		};
		8534792123DFCF4300E40309 /* XCRemoteSwiftPackageReference "realm-cocoa" */ = {
			isa = XCRemoteSwiftPackageReference;
			repositoryURL = "https://github.com/realm/realm-cocoa";
			requirement = {
				kind = upToNextMajorVersion;
				minimumVersion = 4.3.1;
			};
		};
		859598A823E0A86300E100BD /* XCRemoteSwiftPackageReference "Nuke" */ = {
			isa = XCRemoteSwiftPackageReference;
			repositoryURL = "https://github.com/kean/Nuke";
			requirement = {
				kind = upToNextMajorVersion;
				minimumVersion = 8.4.0;
			};
		};
/* End XCRemoteSwiftPackageReference section */

/* Begin XCSwiftPackageProductDependency section */
		8534791823DFCCFD00E40309 /* Moya */ = {
			isa = XCSwiftPackageProductDependency;
			package = 8534791723DFCCFD00E40309 /* XCRemoteSwiftPackageReference "Moya" */;
			productName = Moya;
		};
		8534791A23DFCCFD00E40309 /* RxMoya */ = {
			isa = XCSwiftPackageProductDependency;
			package = 8534791723DFCCFD00E40309 /* XCRemoteSwiftPackageReference "Moya" */;
			productName = RxMoya;
		};
		8534791D23DFCDFE00E40309 /* RxCocoa */ = {
			isa = XCSwiftPackageProductDependency;
			package = 8534791C23DFCDFE00E40309 /* XCRemoteSwiftPackageReference "RxSwift" */;
			productName = RxCocoa;
		};
		8534791F23DFCDFE00E40309 /* RxSwift */ = {
			isa = XCSwiftPackageProductDependency;
			package = 8534791C23DFCDFE00E40309 /* XCRemoteSwiftPackageReference "RxSwift" */;
			productName = RxSwift;
		};
		8534792223DFCF4300E40309 /* RealmSwift */ = {
			isa = XCSwiftPackageProductDependency;
			package = 8534792123DFCF4300E40309 /* XCRemoteSwiftPackageReference "realm-cocoa" */;
			productName = RealmSwift;
		};
		8534792423DFCF4300E40309 /* Realm */ = {
			isa = XCSwiftPackageProductDependency;
			package = 8534792123DFCF4300E40309 /* XCRemoteSwiftPackageReference "realm-cocoa" */;
			productName = Realm;
		};
		859598A923E0A86300E100BD /* Nuke */ = {
			isa = XCSwiftPackageProductDependency;
			package = 859598A823E0A86300E100BD /* XCRemoteSwiftPackageReference "Nuke" */;
			productName = Nuke;
		};
/* End XCSwiftPackageProductDependency section */
	};
	rootObject = 853478EA23DFCBE100E40309 /* Project object */;
}
